// !$*UTF8*$!
{
	archiveVersion = 1;
	classes = {
	};
	objectVersion = 46;
	objects = {

/* Begin PBXBuildFile section */
		4667999D13C6AE7C00B92989 /* ASIAuthenticationDialog.m in Sources */ = {isa = PBXBuildFile; fileRef = 4667996713C6AE7C00B92989 /* ASIAuthenticationDialog.m */; };
		4667999E13C6AE7C00B92989 /* ASIDataCompressor.m in Sources */ = {isa = PBXBuildFile; fileRef = 4667996A13C6AE7C00B92989 /* ASIDataCompressor.m */; };
		4667999F13C6AE7C00B92989 /* ASIDataDecompressor.m in Sources */ = {isa = PBXBuildFile; fileRef = 4667996C13C6AE7C00B92989 /* ASIDataDecompressor.m */; };
		466799A013C6AE7C00B92989 /* ASIDownloadCache.m in Sources */ = {isa = PBXBuildFile; fileRef = 4667996E13C6AE7C00B92989 /* ASIDownloadCache.m */; };
		466799A113C6AE7C00B92989 /* ASIFormDataRequest.m in Sources */ = {isa = PBXBuildFile; fileRef = 4667997013C6AE7C00B92989 /* ASIFormDataRequest.m */; };
		466799A213C6AE7C00B92989 /* ASIHTTPRequest.m in Sources */ = {isa = PBXBuildFile; fileRef = 4667997213C6AE7C00B92989 /* ASIHTTPRequest.m */; };
		466799A313C6AE7C00B92989 /* ASIInputStream.m in Sources */ = {isa = PBXBuildFile; fileRef = 4667997613C6AE7C00B92989 /* ASIInputStream.m */; };
		466799A413C6AE7C00B92989 /* ASINetworkQueue.m in Sources */ = {isa = PBXBuildFile; fileRef = 4667997813C6AE7C00B92989 /* ASINetworkQueue.m */; };
		466799A513C6AE7C00B92989 /* ASIWebPageRequest.m in Sources */ = {isa = PBXBuildFile; fileRef = 4667997C13C6AE7C00B92989 /* ASIWebPageRequest.m */; };
		466799A613C6AE7C00B92989 /* ASICloudFilesCDNRequest.m in Sources */ = {isa = PBXBuildFile; fileRef = 4667997F13C6AE7C00B92989 /* ASICloudFilesCDNRequest.m */; };
		466799A713C6AE7C00B92989 /* ASICloudFilesContainer.m in Sources */ = {isa = PBXBuildFile; fileRef = 4667998113C6AE7C00B92989 /* ASICloudFilesContainer.m */; };
		466799A813C6AE7C00B92989 /* ASICloudFilesContainerRequest.m in Sources */ = {isa = PBXBuildFile; fileRef = 4667998313C6AE7C00B92989 /* ASICloudFilesContainerRequest.m */; };
		466799A913C6AE7C00B92989 /* ASICloudFilesContainerXMLParserDelegate.m in Sources */ = {isa = PBXBuildFile; fileRef = 4667998513C6AE7C00B92989 /* ASICloudFilesContainerXMLParserDelegate.m */; };
		466799AA13C6AE7C00B92989 /* ASICloudFilesObject.m in Sources */ = {isa = PBXBuildFile; fileRef = 4667998713C6AE7C00B92989 /* ASICloudFilesObject.m */; };
		466799AB13C6AE7C00B92989 /* ASICloudFilesObjectRequest.m in Sources */ = {isa = PBXBuildFile; fileRef = 4667998913C6AE7C00B92989 /* ASICloudFilesObjectRequest.m */; };
		466799AC13C6AE7C00B92989 /* ASICloudFilesRequest.m in Sources */ = {isa = PBXBuildFile; fileRef = 4667998B13C6AE7C00B92989 /* ASICloudFilesRequest.m */; };
		466799AD13C6AE7C00B92989 /* Reachability.m in Sources */ = {isa = PBXBuildFile; fileRef = 4667998E13C6AE7C00B92989 /* Reachability.m */; };
		466799AE13C6AE7C00B92989 /* ASIS3Bucket.m in Sources */ = {isa = PBXBuildFile; fileRef = 4667999213C6AE7C00B92989 /* ASIS3Bucket.m */; };
		466799AF13C6AE7C00B92989 /* ASIS3BucketObject.m in Sources */ = {isa = PBXBuildFile; fileRef = 4667999413C6AE7C00B92989 /* ASIS3BucketObject.m */; };
		466799B013C6AE7C00B92989 /* ASIS3BucketRequest.m in Sources */ = {isa = PBXBuildFile; fileRef = 4667999613C6AE7C00B92989 /* ASIS3BucketRequest.m */; };
		466799B113C6AE7C00B92989 /* ASIS3ObjectRequest.m in Sources */ = {isa = PBXBuildFile; fileRef = 4667999813C6AE7C00B92989 /* ASIS3ObjectRequest.m */; };
		466799B213C6AE7C00B92989 /* ASIS3Request.m in Sources */ = {isa = PBXBuildFile; fileRef = 4667999A13C6AE7C00B92989 /* ASIS3Request.m */; };
		466799B313C6AE7C00B92989 /* ASIS3ServiceRequest.m in Sources */ = {isa = PBXBuildFile; fileRef = 4667999C13C6AE7C00B92989 /* ASIS3ServiceRequest.m */; };
		466799B813C6AF1200B92989 /* CFNetwork.framework in Frameworks */ = {isa = PBXBuildFile; fileRef = 466799B513C6AF1200B92989 /* CFNetwork.framework */; };
		466799B913C6AF1200B92989 /* libxml2.2.dylib in Frameworks */ = {isa = PBXBuildFile; fileRef = 466799B613C6AF1200B92989 /* libxml2.2.dylib */; };
		466799BA13C6AF1200B92989 /* MobileCoreServices.framework in Frameworks */ = {isa = PBXBuildFile; fileRef = 466799B713C6AF1200B92989 /* MobileCoreServices.framework */; };
		466799BE13C6AF3800B92989 /* libz.1.dylib in Frameworks */ = {isa = PBXBuildFile; fileRef = 466799BB13C6AF3800B92989 /* libz.1.dylib */; };
		466799BF13C6AF3800B92989 /* MessageUI.framework in Frameworks */ = {isa = PBXBuildFile; fileRef = 466799BC13C6AF3800B92989 /* MessageUI.framework */; };
		466799C013C6AF3800B92989 /* SystemConfiguration.framework in Frameworks */ = {isa = PBXBuildFile; fileRef = 466799BD13C6AF3800B92989 /* SystemConfiguration.framework */; };
		466799C213C6B24D00B92989 /* sharebox.png in Resources */ = {isa = PBXBuildFile; fileRef = 466799C113C6B24D00B92989 /* sharebox.png */; };
		46B8A3DB13C42E7A0035119F /* UIKit.framework in Frameworks */ = {isa = PBXBuildFile; fileRef = 46B8A3DA13C42E7A0035119F /* UIKit.framework */; };
		46B8A3DD13C42E7A0035119F /* Foundation.framework in Frameworks */ = {isa = PBXBuildFile; fileRef = 46B8A3DC13C42E7A0035119F /* Foundation.framework */; };
		46B8A3DF13C42E7A0035119F /* CoreGraphics.framework in Frameworks */ = {isa = PBXBuildFile; fileRef = 46B8A3DE13C42E7A0035119F /* CoreGraphics.framework */; };
		46B8A3E513C42E7A0035119F /* InfoPlist.strings in Resources */ = {isa = PBXBuildFile; fileRef = 46B8A3E313C42E7A0035119F /* InfoPlist.strings */; };
		46B8A3E813C42E7A0035119F /* main.m in Sources */ = {isa = PBXBuildFile; fileRef = 46B8A3E713C42E7A0035119F /* main.m */; };
		46B8A3EB13C42E7A0035119F /* ShareToCNAppDelegate.m in Sources */ = {isa = PBXBuildFile; fileRef = 46B8A3EA13C42E7A0035119F /* ShareToCNAppDelegate.m */; };
		46B8A3EE13C42E7A0035119F /* MainWindow.xib in Resources */ = {isa = PBXBuildFile; fileRef = 46B8A3EC13C42E7A0035119F /* MainWindow.xib */; };
		46B8A41813C42ED80035119F /* Base64Transcoder.c in Sources */ = {isa = PBXBuildFile; fileRef = 46B8A3F813C42ED80035119F /* Base64Transcoder.c */; };
		46B8A41913C42ED80035119F /* NSMutableURLRequest+Parameters.m in Sources */ = {isa = PBXBuildFile; fileRef = 46B8A3FB13C42ED80035119F /* NSMutableURLRequest+Parameters.m */; };
		46B8A41A13C42ED80035119F /* NSString+URLEncoding.m in Sources */ = {isa = PBXBuildFile; fileRef = 46B8A3FD13C42ED80035119F /* NSString+URLEncoding.m */; };
		46B8A41B13C42ED80035119F /* NSURL+Base.m in Sources */ = {isa = PBXBuildFile; fileRef = 46B8A3FF13C42ED80035119F /* NSURL+Base.m */; };
		46B8A41C13C42ED80035119F /* OAAsynchronousDataFetcher.m in Sources */ = {isa = PBXBuildFile; fileRef = 46B8A40113C42ED80035119F /* OAAsynchronousDataFetcher.m */; };
		46B8A41D13C42ED80035119F /* OAConsumer.m in Sources */ = {isa = PBXBuildFile; fileRef = 46B8A40313C42ED80035119F /* OAConsumer.m */; };
		46B8A41E13C42ED80035119F /* OADataFetcher.m in Sources */ = {isa = PBXBuildFile; fileRef = 46B8A40513C42ED80035119F /* OADataFetcher.m */; };
		46B8A41F13C42ED80035119F /* OAHMAC_SHA1SignatureProvider.m in Sources */ = {isa = PBXBuildFile; fileRef = 46B8A40713C42ED80035119F /* OAHMAC_SHA1SignatureProvider.m */; };
		46B8A42013C42ED80035119F /* OAMutableURLRequest.m in Sources */ = {isa = PBXBuildFile; fileRef = 46B8A40913C42ED80035119F /* OAMutableURLRequest.m */; };
		46B8A42113C42ED80035119F /* OAPlaintextSignatureProvider.m in Sources */ = {isa = PBXBuildFile; fileRef = 46B8A40B13C42ED80035119F /* OAPlaintextSignatureProvider.m */; };
		46B8A42213C42ED80035119F /* OARequestParameter.m in Sources */ = {isa = PBXBuildFile; fileRef = 46B8A40D13C42ED80035119F /* OARequestParameter.m */; };
		46B8A42313C42ED80035119F /* OAServiceTicket.m in Sources */ = {isa = PBXBuildFile; fileRef = 46B8A40F13C42ED80035119F /* OAServiceTicket.m */; };
		46B8A42413C42ED80035119F /* OAToken.m in Sources */ = {isa = PBXBuildFile; fileRef = 46B8A41213C42ED80035119F /* OAToken.m */; };
		46B8A42513C42ED80035119F /* OAuthEngine.m in Sources */ = {isa = PBXBuildFile; fileRef = 46B8A41513C42ED80035119F /* OAuthEngine.m */; };
		46B8A42613C42ED80035119F /* StringUtil.m in Sources */ = {isa = PBXBuildFile; fileRef = 46B8A41713C42ED80035119F /* StringUtil.m */; };
		46B8A42913C42F340035119F /* ShareToCN.m in Sources */ = {isa = PBXBuildFile; fileRef = 46B8A42813C42F340035119F /* ShareToCN.m */; };
		46B8A43413C439FE0035119F /* TestViewController.m in Sources */ = {isa = PBXBuildFile; fileRef = 46B8A43313C439FD0035119F /* TestViewController.m */; };
		46B8A43613C4419B0035119F /* QuartzCore.framework in Frameworks */ = {isa = PBXBuildFile; fileRef = 46B8A43513C4419B0035119F /* QuartzCore.framework */; };
		46D9635013C54A2E007C6126 /* ShareToCNBox.m in Sources */ = {isa = PBXBuildFile; fileRef = 46D9634F13C54A2E007C6126 /* ShareToCNBox.m */; };
		46D9635A13C58998007C6126 /* ShareToCN.strings in Resources */ = {isa = PBXBuildFile; fileRef = 46D9635913C58998007C6126 /* ShareToCN.strings */; };
/* End PBXBuildFile section */

/* Begin PBXFileReference section */
		4667996613C6AE7C00B92989 /* ASIAuthenticationDialog.h */ = {isa = PBXFileReference; fileEncoding = 4; lastKnownFileType = sourcecode.c.h; path = ASIAuthenticationDialog.h; sourceTree = "<group>"; };
		4667996713C6AE7C00B92989 /* ASIAuthenticationDialog.m */ = {isa = PBXFileReference; fileEncoding = 4; lastKnownFileType = sourcecode.c.objc; path = ASIAuthenticationDialog.m; sourceTree = "<group>"; };
		4667996813C6AE7C00B92989 /* ASICacheDelegate.h */ = {isa = PBXFileReference; fileEncoding = 4; lastKnownFileType = sourcecode.c.h; path = ASICacheDelegate.h; sourceTree = "<group>"; };
		4667996913C6AE7C00B92989 /* ASIDataCompressor.h */ = {isa = PBXFileReference; fileEncoding = 4; lastKnownFileType = sourcecode.c.h; path = ASIDataCompressor.h; sourceTree = "<group>"; };
		4667996A13C6AE7C00B92989 /* ASIDataCompressor.m */ = {isa = PBXFileReference; fileEncoding = 4; lastKnownFileType = sourcecode.c.objc; path = ASIDataCompressor.m; sourceTree = "<group>"; };
		4667996B13C6AE7C00B92989 /* ASIDataDecompressor.h */ = {isa = PBXFileReference; fileEncoding = 4; lastKnownFileType = sourcecode.c.h; path = ASIDataDecompressor.h; sourceTree = "<group>"; };
		4667996C13C6AE7C00B92989 /* ASIDataDecompressor.m */ = {isa = PBXFileReference; fileEncoding = 4; lastKnownFileType = sourcecode.c.objc; path = ASIDataDecompressor.m; sourceTree = "<group>"; };
		4667996D13C6AE7C00B92989 /* ASIDownloadCache.h */ = {isa = PBXFileReference; fileEncoding = 4; lastKnownFileType = sourcecode.c.h; path = ASIDownloadCache.h; sourceTree = "<group>"; };
		4667996E13C6AE7C00B92989 /* ASIDownloadCache.m */ = {isa = PBXFileReference; fileEncoding = 4; lastKnownFileType = sourcecode.c.objc; path = ASIDownloadCache.m; sourceTree = "<group>"; };
		4667996F13C6AE7C00B92989 /* ASIFormDataRequest.h */ = {isa = PBXFileReference; fileEncoding = 4; lastKnownFileType = sourcecode.c.h; path = ASIFormDataRequest.h; sourceTree = "<group>"; };
		4667997013C6AE7C00B92989 /* ASIFormDataRequest.m */ = {isa = PBXFileReference; fileEncoding = 4; lastKnownFileType = sourcecode.c.objc; path = ASIFormDataRequest.m; sourceTree = "<group>"; };
		4667997113C6AE7C00B92989 /* ASIHTTPRequest.h */ = {isa = PBXFileReference; fileEncoding = 4; lastKnownFileType = sourcecode.c.h; path = ASIHTTPRequest.h; sourceTree = "<group>"; };
		4667997213C6AE7C00B92989 /* ASIHTTPRequest.m */ = {isa = PBXFileReference; fileEncoding = 4; lastKnownFileType = sourcecode.c.objc; path = ASIHTTPRequest.m; sourceTree = "<group>"; };
		4667997313C6AE7C00B92989 /* ASIHTTPRequestConfig.h */ = {isa = PBXFileReference; fileEncoding = 4; lastKnownFileType = sourcecode.c.h; path = ASIHTTPRequestConfig.h; sourceTree = "<group>"; };
		4667997413C6AE7C00B92989 /* ASIHTTPRequestDelegate.h */ = {isa = PBXFileReference; fileEncoding = 4; lastKnownFileType = sourcecode.c.h; path = ASIHTTPRequestDelegate.h; sourceTree = "<group>"; };
		4667997513C6AE7C00B92989 /* ASIInputStream.h */ = {isa = PBXFileReference; fileEncoding = 4; lastKnownFileType = sourcecode.c.h; path = ASIInputStream.h; sourceTree = "<group>"; };
		4667997613C6AE7C00B92989 /* ASIInputStream.m */ = {isa = PBXFileReference; fileEncoding = 4; lastKnownFileType = sourcecode.c.objc; path = ASIInputStream.m; sourceTree = "<group>"; };
		4667997713C6AE7C00B92989 /* ASINetworkQueue.h */ = {isa = PBXFileReference; fileEncoding = 4; lastKnownFileType = sourcecode.c.h; path = ASINetworkQueue.h; sourceTree = "<group>"; };
		4667997813C6AE7C00B92989 /* ASINetworkQueue.m */ = {isa = PBXFileReference; fileEncoding = 4; lastKnownFileType = sourcecode.c.objc; path = ASINetworkQueue.m; sourceTree = "<group>"; };
		4667997913C6AE7C00B92989 /* ASIProgressDelegate.h */ = {isa = PBXFileReference; fileEncoding = 4; lastKnownFileType = sourcecode.c.h; path = ASIProgressDelegate.h; sourceTree = "<group>"; };
		4667997B13C6AE7C00B92989 /* ASIWebPageRequest.h */ = {isa = PBXFileReference; fileEncoding = 4; lastKnownFileType = sourcecode.c.h; path = ASIWebPageRequest.h; sourceTree = "<group>"; };
		4667997C13C6AE7C00B92989 /* ASIWebPageRequest.m */ = {isa = PBXFileReference; fileEncoding = 4; lastKnownFileType = sourcecode.c.objc; path = ASIWebPageRequest.m; sourceTree = "<group>"; };
		4667997E13C6AE7C00B92989 /* ASICloudFilesCDNRequest.h */ = {isa = PBXFileReference; fileEncoding = 4; lastKnownFileType = sourcecode.c.h; path = ASICloudFilesCDNRequest.h; sourceTree = "<group>"; };
		4667997F13C6AE7C00B92989 /* ASICloudFilesCDNRequest.m */ = {isa = PBXFileReference; fileEncoding = 4; lastKnownFileType = sourcecode.c.objc; path = ASICloudFilesCDNRequest.m; sourceTree = "<group>"; };
		4667998013C6AE7C00B92989 /* ASICloudFilesContainer.h */ = {isa = PBXFileReference; fileEncoding = 4; lastKnownFileType = sourcecode.c.h; path = ASICloudFilesContainer.h; sourceTree = "<group>"; };
		4667998113C6AE7C00B92989 /* ASICloudFilesContainer.m */ = {isa = PBXFileReference; fileEncoding = 4; lastKnownFileType = sourcecode.c.objc; path = ASICloudFilesContainer.m; sourceTree = "<group>"; };
		4667998213C6AE7C00B92989 /* ASICloudFilesContainerRequest.h */ = {isa = PBXFileReference; fileEncoding = 4; lastKnownFileType = sourcecode.c.h; path = ASICloudFilesContainerRequest.h; sourceTree = "<group>"; };
		4667998313C6AE7C00B92989 /* ASICloudFilesContainerRequest.m */ = {isa = PBXFileReference; fileEncoding = 4; lastKnownFileType = sourcecode.c.objc; path = ASICloudFilesContainerRequest.m; sourceTree = "<group>"; };
		4667998413C6AE7C00B92989 /* ASICloudFilesContainerXMLParserDelegate.h */ = {isa = PBXFileReference; fileEncoding = 4; lastKnownFileType = sourcecode.c.h; path = ASICloudFilesContainerXMLParserDelegate.h; sourceTree = "<group>"; };
		4667998513C6AE7C00B92989 /* ASICloudFilesContainerXMLParserDelegate.m */ = {isa = PBXFileReference; fileEncoding = 4; lastKnownFileType = sourcecode.c.objc; path = ASICloudFilesContainerXMLParserDelegate.m; sourceTree = "<group>"; };
		4667998613C6AE7C00B92989 /* ASICloudFilesObject.h */ = {isa = PBXFileReference; fileEncoding = 4; lastKnownFileType = sourcecode.c.h; path = ASICloudFilesObject.h; sourceTree = "<group>"; };
		4667998713C6AE7C00B92989 /* ASICloudFilesObject.m */ = {isa = PBXFileReference; fileEncoding = 4; lastKnownFileType = sourcecode.c.objc; path = ASICloudFilesObject.m; sourceTree = "<group>"; };
		4667998813C6AE7C00B92989 /* ASICloudFilesObjectRequest.h */ = {isa = PBXFileReference; fileEncoding = 4; lastKnownFileType = sourcecode.c.h; path = ASICloudFilesObjectRequest.h; sourceTree = "<group>"; };
		4667998913C6AE7C00B92989 /* ASICloudFilesObjectRequest.m */ = {isa = PBXFileReference; fileEncoding = 4; lastKnownFileType = sourcecode.c.objc; path = ASICloudFilesObjectRequest.m; sourceTree = "<group>"; };
		4667998A13C6AE7C00B92989 /* ASICloudFilesRequest.h */ = {isa = PBXFileReference; fileEncoding = 4; lastKnownFileType = sourcecode.c.h; path = ASICloudFilesRequest.h; sourceTree = "<group>"; };
		4667998B13C6AE7C00B92989 /* ASICloudFilesRequest.m */ = {isa = PBXFileReference; fileEncoding = 4; lastKnownFileType = sourcecode.c.objc; path = ASICloudFilesRequest.m; sourceTree = "<group>"; };
		4667998D13C6AE7C00B92989 /* Reachability.h */ = {isa = PBXFileReference; fileEncoding = 4; lastKnownFileType = sourcecode.c.h; path = Reachability.h; sourceTree = "<group>"; };
		4667998E13C6AE7C00B92989 /* Reachability.m */ = {isa = PBXFileReference; fileEncoding = 4; lastKnownFileType = sourcecode.c.objc; path = Reachability.m; sourceTree = "<group>"; };
		4667999013C6AE7C00B92989 /* ASINSXMLParserCompat.h */ = {isa = PBXFileReference; fileEncoding = 4; lastKnownFileType = sourcecode.c.h; path = ASINSXMLParserCompat.h; sourceTree = "<group>"; };
		4667999113C6AE7C00B92989 /* ASIS3Bucket.h */ = {isa = PBXFileReference; fileEncoding = 4; lastKnownFileType = sourcecode.c.h; path = ASIS3Bucket.h; sourceTree = "<group>"; };
		4667999213C6AE7C00B92989 /* ASIS3Bucket.m */ = {isa = PBXFileReference; fileEncoding = 4; lastKnownFileType = sourcecode.c.objc; path = ASIS3Bucket.m; sourceTree = "<group>"; };
		4667999313C6AE7C00B92989 /* ASIS3BucketObject.h */ = {isa = PBXFileReference; fileEncoding = 4; lastKnownFileType = sourcecode.c.h; path = ASIS3BucketObject.h; sourceTree = "<group>"; };
		4667999413C6AE7C00B92989 /* ASIS3BucketObject.m */ = {isa = PBXFileReference; fileEncoding = 4; lastKnownFileType = sourcecode.c.objc; path = ASIS3BucketObject.m; sourceTree = "<group>"; };
		4667999513C6AE7C00B92989 /* ASIS3BucketRequest.h */ = {isa = PBXFileReference; fileEncoding = 4; lastKnownFileType = sourcecode.c.h; path = ASIS3BucketRequest.h; sourceTree = "<group>"; };
		4667999613C6AE7C00B92989 /* ASIS3BucketRequest.m */ = {isa = PBXFileReference; fileEncoding = 4; lastKnownFileType = sourcecode.c.objc; path = ASIS3BucketRequest.m; sourceTree = "<group>"; };
		4667999713C6AE7C00B92989 /* ASIS3ObjectRequest.h */ = {isa = PBXFileReference; fileEncoding = 4; lastKnownFileType = sourcecode.c.h; path = ASIS3ObjectRequest.h; sourceTree = "<group>"; };
		4667999813C6AE7C00B92989 /* ASIS3ObjectRequest.m */ = {isa = PBXFileReference; fileEncoding = 4; lastKnownFileType = sourcecode.c.objc; path = ASIS3ObjectRequest.m; sourceTree = "<group>"; };
		4667999913C6AE7C00B92989 /* ASIS3Request.h */ = {isa = PBXFileReference; fileEncoding = 4; lastKnownFileType = sourcecode.c.h; path = ASIS3Request.h; sourceTree = "<group>"; };
		4667999A13C6AE7C00B92989 /* ASIS3Request.m */ = {isa = PBXFileReference; fileEncoding = 4; lastKnownFileType = sourcecode.c.objc; path = ASIS3Request.m; sourceTree = "<group>"; };
		4667999B13C6AE7C00B92989 /* ASIS3ServiceRequest.h */ = {isa = PBXFileReference; fileEncoding = 4; lastKnownFileType = sourcecode.c.h; path = ASIS3ServiceRequest.h; sourceTree = "<group>"; };
		4667999C13C6AE7C00B92989 /* ASIS3ServiceRequest.m */ = {isa = PBXFileReference; fileEncoding = 4; lastKnownFileType = sourcecode.c.objc; path = ASIS3ServiceRequest.m; sourceTree = "<group>"; };
		466799B513C6AF1200B92989 /* CFNetwork.framework */ = {isa = PBXFileReference; lastKnownFileType = wrapper.framework; name = CFNetwork.framework; path = System/Library/Frameworks/CFNetwork.framework; sourceTree = SDKROOT; };
		466799B613C6AF1200B92989 /* libxml2.2.dylib */ = {isa = PBXFileReference; lastKnownFileType = "compiled.mach-o.dylib"; name = libxml2.2.dylib; path = usr/lib/libxml2.2.dylib; sourceTree = SDKROOT; };
		466799B713C6AF1200B92989 /* MobileCoreServices.framework */ = {isa = PBXFileReference; lastKnownFileType = wrapper.framework; name = MobileCoreServices.framework; path = System/Library/Frameworks/MobileCoreServices.framework; sourceTree = SDKROOT; };
		466799BB13C6AF3800B92989 /* libz.1.dylib */ = {isa = PBXFileReference; lastKnownFileType = "compiled.mach-o.dylib"; name = libz.1.dylib; path = usr/lib/libz.1.dylib; sourceTree = SDKROOT; };
		466799BC13C6AF3800B92989 /* MessageUI.framework */ = {isa = PBXFileReference; lastKnownFileType = wrapper.framework; name = MessageUI.framework; path = System/Library/Frameworks/MessageUI.framework; sourceTree = SDKROOT; };
		466799BD13C6AF3800B92989 /* SystemConfiguration.framework */ = {isa = PBXFileReference; lastKnownFileType = wrapper.framework; name = SystemConfiguration.framework; path = System/Library/Frameworks/SystemConfiguration.framework; sourceTree = SDKROOT; };
		466799C113C6B24D00B92989 /* sharebox.png */ = {isa = PBXFileReference; lastKnownFileType = image.png; path = sharebox.png; sourceTree = "<group>"; };
		46B8A3D613C42E7A0035119F /* ShareToCN.app */ = {isa = PBXFileReference; explicitFileType = wrapper.application; includeInIndex = 0; path = ShareToCN.app; sourceTree = BUILT_PRODUCTS_DIR; };
		46B8A3DA13C42E7A0035119F /* UIKit.framework */ = {isa = PBXFileReference; lastKnownFileType = wrapper.framework; name = UIKit.framework; path = System/Library/Frameworks/UIKit.framework; sourceTree = SDKROOT; };
		46B8A3DC13C42E7A0035119F /* Foundation.framework */ = {isa = PBXFileReference; lastKnownFileType = wrapper.framework; name = Foundation.framework; path = System/Library/Frameworks/Foundation.framework; sourceTree = SDKROOT; };
		46B8A3DE13C42E7A0035119F /* CoreGraphics.framework */ = {isa = PBXFileReference; lastKnownFileType = wrapper.framework; name = CoreGraphics.framework; path = System/Library/Frameworks/CoreGraphics.framework; sourceTree = SDKROOT; };
		46B8A3E213C42E7A0035119F /* ShareToCN-Info.plist */ = {isa = PBXFileReference; lastKnownFileType = text.plist.xml; path = "ShareToCN-Info.plist"; sourceTree = "<group>"; };
		46B8A3E413C42E7A0035119F /* en */ = {isa = PBXFileReference; lastKnownFileType = text.plist.strings; name = en; path = en.lproj/InfoPlist.strings; sourceTree = "<group>"; };
		46B8A3E613C42E7A0035119F /* ShareToCN-Prefix.pch */ = {isa = PBXFileReference; lastKnownFileType = sourcecode.c.h; path = "ShareToCN-Prefix.pch"; sourceTree = "<group>"; };
		46B8A3E713C42E7A0035119F /* main.m */ = {isa = PBXFileReference; lastKnownFileType = sourcecode.c.objc; path = main.m; sourceTree = "<group>"; };
		46B8A3E913C42E7A0035119F /* ShareToCNAppDelegate.h */ = {isa = PBXFileReference; lastKnownFileType = sourcecode.c.h; path = ShareToCNAppDelegate.h; sourceTree = "<group>"; };
		46B8A3EA13C42E7A0035119F /* ShareToCNAppDelegate.m */ = {isa = PBXFileReference; lastKnownFileType = sourcecode.c.objc; path = ShareToCNAppDelegate.m; sourceTree = "<group>"; };
		46B8A3ED13C42E7A0035119F /* en */ = {isa = PBXFileReference; lastKnownFileType = file.xib; name = en; path = en.lproj/MainWindow.xib; sourceTree = "<group>"; };
		46B8A3F613C42ED80035119F /* DebugUtils.h */ = {isa = PBXFileReference; fileEncoding = 4; lastKnownFileType = sourcecode.c.h; path = DebugUtils.h; sourceTree = "<group>"; };
		46B8A3F813C42ED80035119F /* Base64Transcoder.c */ = {isa = PBXFileReference; fileEncoding = 4; lastKnownFileType = sourcecode.c.c; path = Base64Transcoder.c; sourceTree = "<group>"; };
		46B8A3F913C42ED80035119F /* Base64Transcoder.h */ = {isa = PBXFileReference; fileEncoding = 4; lastKnownFileType = sourcecode.c.h; path = Base64Transcoder.h; sourceTree = "<group>"; };
		46B8A3FA13C42ED80035119F /* NSMutableURLRequest+Parameters.h */ = {isa = PBXFileReference; fileEncoding = 4; lastKnownFileType = sourcecode.c.h; path = "NSMutableURLRequest+Parameters.h"; sourceTree = "<group>"; };
		46B8A3FB13C42ED80035119F /* NSMutableURLRequest+Parameters.m */ = {isa = PBXFileReference; fileEncoding = 4; lastKnownFileType = sourcecode.c.objc; path = "NSMutableURLRequest+Parameters.m"; sourceTree = "<group>"; };
		46B8A3FC13C42ED80035119F /* NSString+URLEncoding.h */ = {isa = PBXFileReference; fileEncoding = 4; lastKnownFileType = sourcecode.c.h; path = "NSString+URLEncoding.h"; sourceTree = "<group>"; };
		46B8A3FD13C42ED80035119F /* NSString+URLEncoding.m */ = {isa = PBXFileReference; fileEncoding = 4; lastKnownFileType = sourcecode.c.objc; path = "NSString+URLEncoding.m"; sourceTree = "<group>"; };
		46B8A3FE13C42ED80035119F /* NSURL+Base.h */ = {isa = PBXFileReference; fileEncoding = 4; lastKnownFileType = sourcecode.c.h; path = "NSURL+Base.h"; sourceTree = "<group>"; };
		46B8A3FF13C42ED80035119F /* NSURL+Base.m */ = {isa = PBXFileReference; fileEncoding = 4; lastKnownFileType = sourcecode.c.objc; path = "NSURL+Base.m"; sourceTree = "<group>"; };
		46B8A40013C42ED80035119F /* OAAsynchronousDataFetcher.h */ = {isa = PBXFileReference; fileEncoding = 4; lastKnownFileType = sourcecode.c.h; path = OAAsynchronousDataFetcher.h; sourceTree = "<group>"; };
		46B8A40113C42ED80035119F /* OAAsynchronousDataFetcher.m */ = {isa = PBXFileReference; fileEncoding = 4; lastKnownFileType = sourcecode.c.objc; path = OAAsynchronousDataFetcher.m; sourceTree = "<group>"; };
		46B8A40213C42ED80035119F /* OAConsumer.h */ = {isa = PBXFileReference; fileEncoding = 4; lastKnownFileType = sourcecode.c.h; path = OAConsumer.h; sourceTree = "<group>"; };
		46B8A40313C42ED80035119F /* OAConsumer.m */ = {isa = PBXFileReference; fileEncoding = 4; lastKnownFileType = sourcecode.c.objc; path = OAConsumer.m; sourceTree = "<group>"; };
		46B8A40413C42ED80035119F /* OADataFetcher.h */ = {isa = PBXFileReference; fileEncoding = 4; lastKnownFileType = sourcecode.c.h; path = OADataFetcher.h; sourceTree = "<group>"; };
		46B8A40513C42ED80035119F /* OADataFetcher.m */ = {isa = PBXFileReference; fileEncoding = 4; lastKnownFileType = sourcecode.c.objc; path = OADataFetcher.m; sourceTree = "<group>"; };
		46B8A40613C42ED80035119F /* OAHMAC_SHA1SignatureProvider.h */ = {isa = PBXFileReference; fileEncoding = 4; lastKnownFileType = sourcecode.c.h; path = OAHMAC_SHA1SignatureProvider.h; sourceTree = "<group>"; };
		46B8A40713C42ED80035119F /* OAHMAC_SHA1SignatureProvider.m */ = {isa = PBXFileReference; fileEncoding = 4; lastKnownFileType = sourcecode.c.objc; path = OAHMAC_SHA1SignatureProvider.m; sourceTree = "<group>"; };
		46B8A40813C42ED80035119F /* OAMutableURLRequest.h */ = {isa = PBXFileReference; fileEncoding = 4; lastKnownFileType = sourcecode.c.h; path = OAMutableURLRequest.h; sourceTree = "<group>"; };
		46B8A40913C42ED80035119F /* OAMutableURLRequest.m */ = {isa = PBXFileReference; fileEncoding = 4; lastKnownFileType = sourcecode.c.objc; path = OAMutableURLRequest.m; sourceTree = "<group>"; };
		46B8A40A13C42ED80035119F /* OAPlaintextSignatureProvider.h */ = {isa = PBXFileReference; fileEncoding = 4; lastKnownFileType = sourcecode.c.h; path = OAPlaintextSignatureProvider.h; sourceTree = "<group>"; };
		46B8A40B13C42ED80035119F /* OAPlaintextSignatureProvider.m */ = {isa = PBXFileReference; fileEncoding = 4; lastKnownFileType = sourcecode.c.objc; path = OAPlaintextSignatureProvider.m; sourceTree = "<group>"; };
		46B8A40C13C42ED80035119F /* OARequestParameter.h */ = {isa = PBXFileReference; fileEncoding = 4; lastKnownFileType = sourcecode.c.h; path = OARequestParameter.h; sourceTree = "<group>"; };
		46B8A40D13C42ED80035119F /* OARequestParameter.m */ = {isa = PBXFileReference; fileEncoding = 4; lastKnownFileType = sourcecode.c.objc; path = OARequestParameter.m; sourceTree = "<group>"; };
		46B8A40E13C42ED80035119F /* OAServiceTicket.h */ = {isa = PBXFileReference; fileEncoding = 4; lastKnownFileType = sourcecode.c.h; path = OAServiceTicket.h; sourceTree = "<group>"; };
		46B8A40F13C42ED80035119F /* OAServiceTicket.m */ = {isa = PBXFileReference; fileEncoding = 4; lastKnownFileType = sourcecode.c.objc; path = OAServiceTicket.m; sourceTree = "<group>"; };
		46B8A41013C42ED80035119F /* OASignatureProviding.h */ = {isa = PBXFileReference; fileEncoding = 4; lastKnownFileType = sourcecode.c.h; path = OASignatureProviding.h; sourceTree = "<group>"; };
		46B8A41113C42ED80035119F /* OAToken.h */ = {isa = PBXFileReference; fileEncoding = 4; lastKnownFileType = sourcecode.c.h; path = OAToken.h; sourceTree = "<group>"; };
		46B8A41213C42ED80035119F /* OAToken.m */ = {isa = PBXFileReference; fileEncoding = 4; lastKnownFileType = sourcecode.c.objc; path = OAToken.m; sourceTree = "<group>"; };
		46B8A41313C42ED80035119F /* OAuthConsumer.h */ = {isa = PBXFileReference; fileEncoding = 4; lastKnownFileType = sourcecode.c.h; path = OAuthConsumer.h; sourceTree = "<group>"; };
		46B8A41413C42ED80035119F /* OAuthEngine.h */ = {isa = PBXFileReference; fileEncoding = 4; lastKnownFileType = sourcecode.c.h; path = OAuthEngine.h; sourceTree = "<group>"; };
		46B8A41513C42ED80035119F /* OAuthEngine.m */ = {isa = PBXFileReference; fileEncoding = 4; lastKnownFileType = sourcecode.c.objc; path = OAuthEngine.m; sourceTree = "<group>"; };
		46B8A41613C42ED80035119F /* StringUtil.h */ = {isa = PBXFileReference; fileEncoding = 4; lastKnownFileType = sourcecode.c.h; path = StringUtil.h; sourceTree = "<group>"; };
		46B8A41713C42ED80035119F /* StringUtil.m */ = {isa = PBXFileReference; fileEncoding = 4; lastKnownFileType = sourcecode.c.objc; path = StringUtil.m; sourceTree = "<group>"; };
		46B8A42713C42F340035119F /* ShareToCN.h */ = {isa = PBXFileReference; fileEncoding = 4; lastKnownFileType = sourcecode.c.h; path = ShareToCN.h; sourceTree = "<group>"; };
		46B8A42813C42F340035119F /* ShareToCN.m */ = {isa = PBXFileReference; fileEncoding = 4; lastKnownFileType = sourcecode.c.objc; path = ShareToCN.m; sourceTree = "<group>"; };
		46B8A43213C439FD0035119F /* TestViewController.h */ = {isa = PBXFileReference; fileEncoding = 4; lastKnownFileType = sourcecode.c.h; path = TestViewController.h; sourceTree = "<group>"; };
		46B8A43313C439FD0035119F /* TestViewController.m */ = {isa = PBXFileReference; fileEncoding = 4; lastKnownFileType = sourcecode.c.objc; path = TestViewController.m; sourceTree = "<group>"; };
		46B8A43513C4419B0035119F /* QuartzCore.framework */ = {isa = PBXFileReference; lastKnownFileType = wrapper.framework; name = QuartzCore.framework; path = System/Library/Frameworks/QuartzCore.framework; sourceTree = SDKROOT; };
		46D9634E13C54A2E007C6126 /* ShareToCNBox.h */ = {isa = PBXFileReference; fileEncoding = 4; lastKnownFileType = sourcecode.c.h; path = ShareToCNBox.h; sourceTree = "<group>"; };
		46D9634F13C54A2E007C6126 /* ShareToCNBox.m */ = {isa = PBXFileReference; fileEncoding = 4; lastKnownFileType = sourcecode.c.objc; path = ShareToCNBox.m; sourceTree = "<group>"; };
		46D9635913C58998007C6126 /* ShareToCN.strings */ = {isa = PBXFileReference; fileEncoding = 4; lastKnownFileType = text.plist.strings; path = ShareToCN.strings; sourceTree = "<group>"; };
/* End PBXFileReference section */

/* Begin PBXFrameworksBuildPhase section */
		46B8A3D313C42E7A0035119F /* Frameworks */ = {
			isa = PBXFrameworksBuildPhase;
			buildActionMask = 2147483647;
			files = (
				466799BE13C6AF3800B92989 /* libz.1.dylib in Frameworks */,
				466799BF13C6AF3800B92989 /* MessageUI.framework in Frameworks */,
				466799C013C6AF3800B92989 /* SystemConfiguration.framework in Frameworks */,
				466799B813C6AF1200B92989 /* CFNetwork.framework in Frameworks */,
				466799B913C6AF1200B92989 /* libxml2.2.dylib in Frameworks */,
				466799BA13C6AF1200B92989 /* MobileCoreServices.framework in Frameworks */,
				46B8A43613C4419B0035119F /* QuartzCore.framework in Frameworks */,
				46B8A3DB13C42E7A0035119F /* UIKit.framework in Frameworks */,
				46B8A3DD13C42E7A0035119F /* Foundation.framework in Frameworks */,
				46B8A3DF13C42E7A0035119F /* CoreGraphics.framework in Frameworks */,
			);
			runOnlyForDeploymentPostprocessing = 0;
		};
/* End PBXFrameworksBuildPhase section */

/* Begin PBXGroup section */
		4667996513C6AE7C00B92989 /* ASIHTTPRequest */ = {
			isa = PBXGroup;
			children = (
				4667996613C6AE7C00B92989 /* ASIAuthenticationDialog.h */,
				4667996713C6AE7C00B92989 /* ASIAuthenticationDialog.m */,
				4667996813C6AE7C00B92989 /* ASICacheDelegate.h */,
				4667996913C6AE7C00B92989 /* ASIDataCompressor.h */,
				4667996A13C6AE7C00B92989 /* ASIDataCompressor.m */,
				4667996B13C6AE7C00B92989 /* ASIDataDecompressor.h */,
				4667996C13C6AE7C00B92989 /* ASIDataDecompressor.m */,
				4667996D13C6AE7C00B92989 /* ASIDownloadCache.h */,
				4667996E13C6AE7C00B92989 /* ASIDownloadCache.m */,
				4667996F13C6AE7C00B92989 /* ASIFormDataRequest.h */,
				4667997013C6AE7C00B92989 /* ASIFormDataRequest.m */,
				4667997113C6AE7C00B92989 /* ASIHTTPRequest.h */,
				4667997213C6AE7C00B92989 /* ASIHTTPRequest.m */,
				4667997313C6AE7C00B92989 /* ASIHTTPRequestConfig.h */,
				4667997413C6AE7C00B92989 /* ASIHTTPRequestDelegate.h */,
				4667997513C6AE7C00B92989 /* ASIInputStream.h */,
				4667997613C6AE7C00B92989 /* ASIInputStream.m */,
				4667997713C6AE7C00B92989 /* ASINetworkQueue.h */,
				4667997813C6AE7C00B92989 /* ASINetworkQueue.m */,
				4667997913C6AE7C00B92989 /* ASIProgressDelegate.h */,
				4667997A13C6AE7C00B92989 /* ASIWebPageRequest */,
				4667997D13C6AE7C00B92989 /* CloudFiles */,
				4667998C13C6AE7C00B92989 /* Reachability */,
				4667998F13C6AE7C00B92989 /* S3 */,
			);
			path = ASIHTTPRequest;
			sourceTree = "<group>";
		};
		4667997A13C6AE7C00B92989 /* ASIWebPageRequest */ = {
			isa = PBXGroup;
			children = (
				4667997B13C6AE7C00B92989 /* ASIWebPageRequest.h */,
				4667997C13C6AE7C00B92989 /* ASIWebPageRequest.m */,
			);
			path = ASIWebPageRequest;
			sourceTree = "<group>";
		};
		4667997D13C6AE7C00B92989 /* CloudFiles */ = {
			isa = PBXGroup;
			children = (
				4667997E13C6AE7C00B92989 /* ASICloudFilesCDNRequest.h */,
				4667997F13C6AE7C00B92989 /* ASICloudFilesCDNRequest.m */,
				4667998013C6AE7C00B92989 /* ASICloudFilesContainer.h */,
				4667998113C6AE7C00B92989 /* ASICloudFilesContainer.m */,
				4667998213C6AE7C00B92989 /* ASICloudFilesContainerRequest.h */,
				4667998313C6AE7C00B92989 /* ASICloudFilesContainerRequest.m */,
				4667998413C6AE7C00B92989 /* ASICloudFilesContainerXMLParserDelegate.h */,
				4667998513C6AE7C00B92989 /* ASICloudFilesContainerXMLParserDelegate.m */,
				4667998613C6AE7C00B92989 /* ASICloudFilesObject.h */,
				4667998713C6AE7C00B92989 /* ASICloudFilesObject.m */,
				4667998813C6AE7C00B92989 /* ASICloudFilesObjectRequest.h */,
				4667998913C6AE7C00B92989 /* ASICloudFilesObjectRequest.m */,
				4667998A13C6AE7C00B92989 /* ASICloudFilesRequest.h */,
				4667998B13C6AE7C00B92989 /* ASICloudFilesRequest.m */,
			);
			path = CloudFiles;
			sourceTree = "<group>";
		};
		4667998C13C6AE7C00B92989 /* Reachability */ = {
			isa = PBXGroup;
			children = (
				4667998D13C6AE7C00B92989 /* Reachability.h */,
				4667998E13C6AE7C00B92989 /* Reachability.m */,
			);
			path = Reachability;
			sourceTree = "<group>";
		};
		4667998F13C6AE7C00B92989 /* S3 */ = {
			isa = PBXGroup;
			children = (
				4667999013C6AE7C00B92989 /* ASINSXMLParserCompat.h */,
				4667999113C6AE7C00B92989 /* ASIS3Bucket.h */,
				4667999213C6AE7C00B92989 /* ASIS3Bucket.m */,
				4667999313C6AE7C00B92989 /* ASIS3BucketObject.h */,
				4667999413C6AE7C00B92989 /* ASIS3BucketObject.m */,
				4667999513C6AE7C00B92989 /* ASIS3BucketRequest.h */,
				4667999613C6AE7C00B92989 /* ASIS3BucketRequest.m */,
				4667999713C6AE7C00B92989 /* ASIS3ObjectRequest.h */,
				4667999813C6AE7C00B92989 /* ASIS3ObjectRequest.m */,
				4667999913C6AE7C00B92989 /* ASIS3Request.h */,
				4667999A13C6AE7C00B92989 /* ASIS3Request.m */,
				4667999B13C6AE7C00B92989 /* ASIS3ServiceRequest.h */,
				4667999C13C6AE7C00B92989 /* ASIS3ServiceRequest.m */,
			);
			path = S3;
			sourceTree = "<group>";
		};
		46B8A3CB13C42E7A0035119F = {
			isa = PBXGroup;
			children = (
				46B8A3E013C42E7A0035119F /* ShareToCN */,
				46B8A3D913C42E7A0035119F /* Frameworks */,
				46B8A3D713C42E7A0035119F /* Products */,
			);
			sourceTree = "<group>";
		};
		46B8A3D713C42E7A0035119F /* Products */ = {
			isa = PBXGroup;
			children = (
				46B8A3D613C42E7A0035119F /* ShareToCN.app */,
			);
			name = Products;
			sourceTree = "<group>";
		};
		46B8A3D913C42E7A0035119F /* Frameworks */ = {
			isa = PBXGroup;
			children = (
				466799BB13C6AF3800B92989 /* libz.1.dylib */,
				466799BC13C6AF3800B92989 /* MessageUI.framework */,
				466799BD13C6AF3800B92989 /* SystemConfiguration.framework */,
				466799B513C6AF1200B92989 /* CFNetwork.framework */,
				466799B613C6AF1200B92989 /* libxml2.2.dylib */,
				466799B713C6AF1200B92989 /* MobileCoreServices.framework */,
				46B8A43513C4419B0035119F /* QuartzCore.framework */,
				46B8A3DA13C42E7A0035119F /* UIKit.framework */,
				46B8A3DC13C42E7A0035119F /* Foundation.framework */,
				46B8A3DE13C42E7A0035119F /* CoreGraphics.framework */,
			);
			name = Frameworks;
			sourceTree = "<group>";
		};
		46B8A3E013C42E7A0035119F /* ShareToCN */ = {
			isa = PBXGroup;
			children = (
				46B8A3F413C42ED80035119F /* ShareToCN */,
				46B8A3E913C42E7A0035119F /* ShareToCNAppDelegate.h */,
				46B8A3EA13C42E7A0035119F /* ShareToCNAppDelegate.m */,
				46B8A3EC13C42E7A0035119F /* MainWindow.xib */,
				46B8A3E113C42E7A0035119F /* Supporting Files */,
				46B8A43213C439FD0035119F /* TestViewController.h */,
				46B8A43313C439FD0035119F /* TestViewController.m */,
			);
			path = ShareToCN;
			sourceTree = "<group>";
		};
		46B8A3E113C42E7A0035119F /* Supporting Files */ = {
			isa = PBXGroup;
			children = (
				466799C113C6B24D00B92989 /* sharebox.png */,
				46B8A3E213C42E7A0035119F /* ShareToCN-Info.plist */,
				46B8A3E313C42E7A0035119F /* InfoPlist.strings */,
				46B8A3E613C42E7A0035119F /* ShareToCN-Prefix.pch */,
				46B8A3E713C42E7A0035119F /* main.m */,
			);
			name = "Supporting Files";
			sourceTree = "<group>";
		};
		46B8A3F413C42ED80035119F /* ShareToCN */ = {
			isa = PBXGroup;
			children = (
				46B8A3F513C42ED80035119F /* External */,
				46B8A42713C42F340035119F /* ShareToCN.h */,
				46B8A42813C42F340035119F /* ShareToCN.m */,
				46D9634E13C54A2E007C6126 /* ShareToCNBox.h */,
				46D9634F13C54A2E007C6126 /* ShareToCNBox.m */,
				46D9635913C58998007C6126 /* ShareToCN.strings */,
			);
			path = ShareToCN;
			sourceTree = "<group>";
		};
		46B8A3F513C42ED80035119F /* External */ = {
			isa = PBXGroup;
			children = (
				4667996513C6AE7C00B92989 /* ASIHTTPRequest */,
				46B8A3F613C42ED80035119F /* DebugUtils.h */,
				46B8A3F713C42ED80035119F /* OAuthConsumer */,
				46B8A41413C42ED80035119F /* OAuthEngine.h */,
				46B8A41513C42ED80035119F /* OAuthEngine.m */,
				46B8A41613C42ED80035119F /* StringUtil.h */,
				46B8A41713C42ED80035119F /* StringUtil.m */,
			);
			path = External;
			sourceTree = "<group>";
		};
		46B8A3F713C42ED80035119F /* OAuthConsumer */ = {
			isa = PBXGroup;
			children = (
				46B8A3F813C42ED80035119F /* Base64Transcoder.c */,
				46B8A3F913C42ED80035119F /* Base64Transcoder.h */,
				46B8A3FA13C42ED80035119F /* NSMutableURLRequest+Parameters.h */,
				46B8A3FB13C42ED80035119F /* NSMutableURLRequest+Parameters.m */,
				46B8A3FC13C42ED80035119F /* NSString+URLEncoding.h */,
				46B8A3FD13C42ED80035119F /* NSString+URLEncoding.m */,
				46B8A3FE13C42ED80035119F /* NSURL+Base.h */,
				46B8A3FF13C42ED80035119F /* NSURL+Base.m */,
				46B8A40013C42ED80035119F /* OAAsynchronousDataFetcher.h */,
				46B8A40113C42ED80035119F /* OAAsynchronousDataFetcher.m */,
				46B8A40213C42ED80035119F /* OAConsumer.h */,
				46B8A40313C42ED80035119F /* OAConsumer.m */,
				46B8A40413C42ED80035119F /* OADataFetcher.h */,
				46B8A40513C42ED80035119F /* OADataFetcher.m */,
				46B8A40613C42ED80035119F /* OAHMAC_SHA1SignatureProvider.h */,
				46B8A40713C42ED80035119F /* OAHMAC_SHA1SignatureProvider.m */,
				46B8A40813C42ED80035119F /* OAMutableURLRequest.h */,
				46B8A40913C42ED80035119F /* OAMutableURLRequest.m */,
				46B8A40A13C42ED80035119F /* OAPlaintextSignatureProvider.h */,
				46B8A40B13C42ED80035119F /* OAPlaintextSignatureProvider.m */,
				46B8A40C13C42ED80035119F /* OARequestParameter.h */,
				46B8A40D13C42ED80035119F /* OARequestParameter.m */,
				46B8A40E13C42ED80035119F /* OAServiceTicket.h */,
				46B8A40F13C42ED80035119F /* OAServiceTicket.m */,
				46B8A41013C42ED80035119F /* OASignatureProviding.h */,
				46B8A41113C42ED80035119F /* OAToken.h */,
				46B8A41213C42ED80035119F /* OAToken.m */,
				46B8A41313C42ED80035119F /* OAuthConsumer.h */,
			);
			path = OAuthConsumer;
			sourceTree = "<group>";
		};
/* End PBXGroup section */

/* Begin PBXNativeTarget section */
		46B8A3D513C42E7A0035119F /* ShareToCN */ = {
			isa = PBXNativeTarget;
			buildConfigurationList = 46B8A3F113C42E7A0035119F /* Build configuration list for PBXNativeTarget "ShareToCN" */;
			buildPhases = (
				46B8A3D213C42E7A0035119F /* Sources */,
				46B8A3D313C42E7A0035119F /* Frameworks */,
				46B8A3D413C42E7A0035119F /* Resources */,
			);
			buildRules = (
			);
			dependencies = (
			);
			name = ShareToCN;
			productName = ShareToCN;
			productReference = 46B8A3D613C42E7A0035119F /* ShareToCN.app */;
			productType = "com.apple.product-type.application";
		};
/* End PBXNativeTarget section */

/* Begin PBXProject section */
		46B8A3CD13C42E7A0035119F /* Project object */ = {
			isa = PBXProject;
			attributes = {
				ORGANIZATIONNAME = mr.pppoe;
			};
			buildConfigurationList = 46B8A3D013C42E7A0035119F /* Build configuration list for PBXProject "ShareToCN" */;
			compatibilityVersion = "Xcode 3.2";
			developmentRegion = English;
			hasScannedForEncodings = 0;
			knownRegions = (
				en,
			);
			mainGroup = 46B8A3CB13C42E7A0035119F;
			productRefGroup = 46B8A3D713C42E7A0035119F /* Products */;
			projectDirPath = "";
			projectRoot = "";
			targets = (
				46B8A3D513C42E7A0035119F /* ShareToCN */,
			);
		};
/* End PBXProject section */

/* Begin PBXResourcesBuildPhase section */
		46B8A3D413C42E7A0035119F /* Resources */ = {
			isa = PBXResourcesBuildPhase;
			buildActionMask = 2147483647;
			files = (
				46B8A3E513C42E7A0035119F /* InfoPlist.strings in Resources */,
				46B8A3EE13C42E7A0035119F /* MainWindow.xib in Resources */,
				46D9635A13C58998007C6126 /* ShareToCN.strings in Resources */,
				466799C213C6B24D00B92989 /* sharebox.png in Resources */,
			);
			runOnlyForDeploymentPostprocessing = 0;
		};
/* End PBXResourcesBuildPhase section */

/* Begin PBXSourcesBuildPhase section */
		46B8A3D213C42E7A0035119F /* Sources */ = {
			isa = PBXSourcesBuildPhase;
			buildActionMask = 2147483647;
			files = (
				46B8A3E813C42E7A0035119F /* main.m in Sources */,
				46B8A3EB13C42E7A0035119F /* ShareToCNAppDelegate.m in Sources */,
				46B8A41813C42ED80035119F /* Base64Transcoder.c in Sources */,
				46B8A41913C42ED80035119F /* NSMutableURLRequest+Parameters.m in Sources */,
				46B8A41A13C42ED80035119F /* NSString+URLEncoding.m in Sources */,
				46B8A41B13C42ED80035119F /* NSURL+Base.m in Sources */,
				46B8A41C13C42ED80035119F /* OAAsynchronousDataFetcher.m in Sources */,
				46B8A41D13C42ED80035119F /* OAConsumer.m in Sources */,
				46B8A41E13C42ED80035119F /* OADataFetcher.m in Sources */,
				46B8A41F13C42ED80035119F /* OAHMAC_SHA1SignatureProvider.m in Sources */,
				46B8A42013C42ED80035119F /* OAMutableURLRequest.m in Sources */,
				46B8A42113C42ED80035119F /* OAPlaintextSignatureProvider.m in Sources */,
				46B8A42213C42ED80035119F /* OARequestParameter.m in Sources */,
				46B8A42313C42ED80035119F /* OAServiceTicket.m in Sources */,
				46B8A42413C42ED80035119F /* OAToken.m in Sources */,
				46B8A42513C42ED80035119F /* OAuthEngine.m in Sources */,
				46B8A42613C42ED80035119F /* StringUtil.m in Sources */,
				46B8A42913C42F340035119F /* ShareToCN.m in Sources */,
				46B8A43413C439FE0035119F /* TestViewController.m in Sources */,
				46D9635013C54A2E007C6126 /* ShareToCNBox.m in Sources */,
				4667999D13C6AE7C00B92989 /* ASIAuthenticationDialog.m in Sources */,
				4667999E13C6AE7C00B92989 /* ASIDataCompressor.m in Sources */,
				4667999F13C6AE7C00B92989 /* ASIDataDecompressor.m in Sources */,
				466799A013C6AE7C00B92989 /* ASIDownloadCache.m in Sources */,
				466799A113C6AE7C00B92989 /* ASIFormDataRequest.m in Sources */,
				466799A213C6AE7C00B92989 /* ASIHTTPRequest.m in Sources */,
				466799A313C6AE7C00B92989 /* ASIInputStream.m in Sources */,
				466799A413C6AE7C00B92989 /* ASINetworkQueue.m in Sources */,
				466799A513C6AE7C00B92989 /* ASIWebPageRequest.m in Sources */,
				466799A613C6AE7C00B92989 /* ASICloudFilesCDNRequest.m in Sources */,
				466799A713C6AE7C00B92989 /* ASICloudFilesContainer.m in Sources */,
				466799A813C6AE7C00B92989 /* ASICloudFilesContainerRequest.m in Sources */,
				466799A913C6AE7C00B92989 /* ASICloudFilesContainerXMLParserDelegate.m in Sources */,
				466799AA13C6AE7C00B92989 /* ASICloudFilesObject.m in Sources */,
				466799AB13C6AE7C00B92989 /* ASICloudFilesObjectRequest.m in Sources */,
				466799AC13C6AE7C00B92989 /* ASICloudFilesRequest.m in Sources */,
				466799AD13C6AE7C00B92989 /* Reachability.m in Sources */,
				466799AE13C6AE7C00B92989 /* ASIS3Bucket.m in Sources */,
				466799AF13C6AE7C00B92989 /* ASIS3BucketObject.m in Sources */,
				466799B013C6AE7C00B92989 /* ASIS3BucketRequest.m in Sources */,
				466799B113C6AE7C00B92989 /* ASIS3ObjectRequest.m in Sources */,
				466799B213C6AE7C00B92989 /* ASIS3Request.m in Sources */,
				466799B313C6AE7C00B92989 /* ASIS3ServiceRequest.m in Sources */,
			);
			runOnlyForDeploymentPostprocessing = 0;
		};
/* End PBXSourcesBuildPhase section */

/* Begin PBXVariantGroup section */
		46B8A3E313C42E7A0035119F /* InfoPlist.strings */ = {
			isa = PBXVariantGroup;
			children = (
				46B8A3E413C42E7A0035119F /* en */,
			);
			name = InfoPlist.strings;
			sourceTree = "<group>";
		};
		46B8A3EC13C42E7A0035119F /* MainWindow.xib */ = {
			isa = PBXVariantGroup;
			children = (
				46B8A3ED13C42E7A0035119F /* en */,
			);
			name = MainWindow.xib;
			sourceTree = "<group>";
		};
/* End PBXVariantGroup section */

/* Begin XCBuildConfiguration section */
		46B8A3EF13C42E7A0035119F /* Debug */ = {
			isa = XCBuildConfiguration;
			buildSettings = {
				ARCHS = "$(ARCHS_STANDARD_32_BIT)";
				"CODE_SIGN_IDENTITY[sdk=iphoneos*]" = "iPhone Developer";
				GCC_C_LANGUAGE_STANDARD = gnu99;
				GCC_OPTIMIZATION_LEVEL = 0;
				GCC_PREPROCESSOR_DEFINITIONS = DEBUG;
				GCC_SYMBOLS_PRIVATE_EXTERN = NO;
				GCC_VERSION = com.apple.compilers.llvmgcc42;
				GCC_WARN_ABOUT_RETURN_TYPE = YES;
				GCC_WARN_UNUSED_VARIABLE = YES;
				IPHONEOS_DEPLOYMENT_TARGET = 4.3;
				SDKROOT = iphoneos;
			};
			name = Debug;
		};
		46B8A3F013C42E7A0035119F /* Release */ = {
			isa = XCBuildConfiguration;
			buildSettings = {
				ARCHS = "$(ARCHS_STANDARD_32_BIT)";
				"CODE_SIGN_IDENTITY[sdk=iphoneos*]" = "iPhone Developer";
				GCC_C_LANGUAGE_STANDARD = gnu99;
				GCC_VERSION = com.apple.compilers.llvmgcc42;
				GCC_WARN_ABOUT_RETURN_TYPE = YES;
				GCC_WARN_UNUSED_VARIABLE = YES;
				IPHONEOS_DEPLOYMENT_TARGET = 4.3;
				OTHER_CFLAGS = "-DNS_BLOCK_ASSERTIONS=1";
				SDKROOT = iphoneos;
			};
			name = Release;
		};
		46B8A3F213C42E7A0035119F /* Debug */ = {
			isa = XCBuildConfiguration;
			buildSettings = {
				ALWAYS_SEARCH_USER_PATHS = NO;
				COPY_PHASE_STRIP = NO;
				GCC_DYNAMIC_NO_PIC = NO;
				GCC_PRECOMPILE_PREFIX_HEADER = YES;
				GCC_PREFIX_HEADER = "ShareToCN/ShareToCN-Prefix.pch";
				HEADER_SEARCH_PATHS = "/usr/include/libxml2/**";
				INFOPLIST_FILE = "ShareToCN/ShareToCN-Info.plist";
				PRODUCT_NAME = "$(TARGET_NAME)";
				WRAPPER_EXTENSION = app;
			};
			name = Debug;
		};
		46B8A3F313C42E7A0035119F /* Release */ = {
			isa = XCBuildConfiguration;
			buildSettings = {
				ALWAYS_SEARCH_USER_PATHS = NO;
				COPY_PHASE_STRIP = YES;
				GCC_PRECOMPILE_PREFIX_HEADER = YES;
				GCC_PREFIX_HEADER = "ShareToCN/ShareToCN-Prefix.pch";
				HEADER_SEARCH_PATHS = "/usr/include/libxml2/**";
				INFOPLIST_FILE = "ShareToCN/ShareToCN-Info.plist";
				PRODUCT_NAME = "$(TARGET_NAME)";
				VALIDATE_PRODUCT = YES;
				WRAPPER_EXTENSION = app;
			};
			name = Release;
		};
/* End XCBuildConfiguration section */

/* Begin XCConfigurationList section */
		46B8A3D013C42E7A0035119F /* Build configuration list for PBXProject "ShareToCN" */ = {
			isa = XCConfigurationList;
			buildConfigurations = (
				46B8A3EF13C42E7A0035119F /* Debug */,
				46B8A3F013C42E7A0035119F /* Release */,
			);
			defaultConfigurationIsVisible = 0;
			defaultConfigurationName = Release;
		};
		46B8A3F113C42E7A0035119F /* Build configuration list for PBXNativeTarget "ShareToCN" */ = {
			isa = XCConfigurationList;
			buildConfigurations = (
				46B8A3F213C42E7A0035119F /* Debug */,
				46B8A3F313C42E7A0035119F /* Release */,
			);
			defaultConfigurationIsVisible = 0;
			defaultConfigurationName = Release;
		};
/* End XCConfigurationList section */
	};
	rootObject = 46B8A3CD13C42E7A0035119F /* Project object */;
}
